# This file is @generated by PDM.
# It is not intended for manual editing.

[metadata]
groups = ["default"]
strategy = ["inherit_metadata"]
lock_version = "4.5.0"
content_hash = "sha256:d6ffcc2b0ffd180cc8cf69d453346a82b34782494ec405ff9283894751bfc7ab"

[[metadata.targets]]
requires_python = ">=3.13"

[[package]]
name = "hjson"
version = "3.1.0"
summary = "Hjson, a user interface for JSON."
groups = ["default"]
files = [
    {file = "hjson-3.1.0-py3-none-any.whl", hash = "sha256:65713cdcf13214fb554eb8b4ef803419733f4f5e551047c9b711098ab7186b89"},
    {file = "hjson-3.1.0.tar.gz", hash = "sha256:55af475a27cf83a7969c808399d7bccdec8fb836a07ddbd574587593b9cdcf75"},
]

[[package]]
name = "latex2mathml"
version = "3.78.0"
requires_python = ">=3.9"
summary = "Pure Python library for LaTeX to MathML conversion"
groups = ["default"]
marker = "python_version >= \"3.8.1\""
files = [
    {file = "latex2mathml-3.78.0-py3-none-any.whl", hash = "sha256:1aeca3dc027b3006ad7b301b7f4a15ffbb4c1451e3dc8c3389e97b37b497e1d6"},
    {file = "latex2mathml-3.78.0.tar.gz", hash = "sha256:712193aa4c6ade1a8e0145dac7bc1f9aafbd54f93046a2356a7e1c05fa0f8b31"},
]

[[package]]
name = "markdown-it-py"
version = "3.0.0"
requires_python = ">=3.8"
summary = "Python port of markdown-it. Markdown parsing, done right!"
groups = ["default"]
dependencies = [
    "mdurl~=0.1",
]
files = [
    {file = "markdown-it-py-3.0.0.tar.gz", hash = "sha256:e3f60a94fa066dc52ec76661e37c851cb232d92f9886b15cb560aaada2df8feb"},
    {file = "markdown_it_py-3.0.0-py3-none-any.whl", hash = "sha256:355216845c60bd96232cd8d8c40e8f9765cc86f46880e43a8fd22dc1a1a8cab1"},
]

[[package]]
name = "markdown2"
version = "2.5.5"
requires_python = "<4,>=3.9"
summary = "A fast and complete Python implementation of Markdown"
groups = ["default"]
files = [
    {file = "markdown2-2.5.5-py3-none-any.whl", hash = "sha256:be798587e09d1f52d2e4d96a649c4b82a778c75f9929aad52a2c95747fa26941"},
    {file = "markdown2-2.5.5.tar.gz", hash = "sha256:001547e68f6e7fcf0f1cb83f7e82f48aa7d48b2c6a321f0cd20a853a8a2d1664"},
]

[[package]]
name = "markdown2"
version = "2.5.5"
extras = ["all"]
requires_python = "<4,>=3.9"
summary = "A fast and complete Python implementation of Markdown"
groups = ["default"]
dependencies = [
    "latex2mathml; python_version >= \"3.8.1\"",
    "markdown2==2.5.5",
    "pygments>=2.7.3",
    "wavedrom",
]
files = [
    {file = "markdown2-2.5.5-py3-none-any.whl", hash = "sha256:be798587e09d1f52d2e4d96a649c4b82a778c75f9929aad52a2c95747fa26941"},
    {file = "markdown2-2.5.5.tar.gz", hash = "sha256:001547e68f6e7fcf0f1cb83f7e82f48aa7d48b2c6a321f0cd20a853a8a2d1664"},
]

[[package]]
name = "mdurl"
version = "0.1.2"
requires_python = ">=3.7"
summary = "Markdown URL utilities"
groups = ["default"]
files = [
    {file = "mdurl-0.1.2-py3-none-any.whl", hash = "sha256:84008a41e51615a49fc9966191ff91509e3c40b939176e643fd50a5c2196b8f8"},
    {file = "mdurl-0.1.2.tar.gz", hash = "sha256:bb413d29f5eea38f31dd4754dd7377d4465116fb207585f97bf925588687c1ba"},
]

[[package]]
name = "pendulum"
version = "3.2.0"
requires_python = ">=3.9"
summary = "Python datetimes made easy"
groups = ["default"]
dependencies = [
    "python-dateutil>=2.6",
    "tzdata>=2020.1",
]
files = [
    {file = "pendulum-3.2.0-cp313-cp313-macosx_10_12_x86_64.whl", hash = "sha256:addb0512f919fe5b70c8ee534ee71c775630d3efe567ea5763d92acff857cfc3"},
    {file = "pendulum-3.2.0-cp313-cp313-macosx_11_0_arm64.whl", hash = "sha256:3aaa50342dc174acebdc21089315012e63789353957b39ac83cac9f9fc8d1075"},
    {file = "pendulum-3.2.0-cp313-cp313-manylinux_2_17_aarch64.manylinux2014_aarch64.whl", hash = "sha256:927e9c9ab52ff68e71b76dd410e5f1cd78f5ea6e7f0a9f5eb549aea16a4d5354"},
    {file = "pendulum-3.2.0-cp313-cp313-manylinux_2_17_ppc64le.manylinux2014_ppc64le.whl", hash = "sha256:249d18f5543c9f43aba3bd77b34864ec8cf6f64edbead405f442e23c94fce63d"},
    {file = "pendulum-3.2.0-cp313-cp313-manylinux_2_17_s390x.manylinux2014_s390x.whl", hash = "sha256:7c644cc15eec5fb02291f0f193195156780fd5a0affd7a349592403826d1a35e"},
    {file = "pendulum-3.2.0-cp313-cp313-manylinux_2_17_x86_64.manylinux2014_x86_64.whl", hash = "sha256:063ab61af953bb56ad5bc8e131fd0431c915ed766d90ccecd7549c8090b51004"},
    {file = "pendulum-3.2.0-cp313-cp313-musllinux_1_1_aarch64.whl", hash = "sha256:26a3ae26c9dd70a4256f1c2f51addc43641813574c0db6ce5664f9861cd93621"},
    {file = "pendulum-3.2.0-cp313-cp313-musllinux_1_1_x86_64.whl", hash = "sha256:2b10d91dc00f424444a42f47c69e6b3bfd79376f330179dc06bc342184b35f9a"},
    {file = "pendulum-3.2.0-cp313-cp313-win_amd64.whl", hash = "sha256:63070ff03e30a57b16c8e793ee27da8dac4123c1d6e0cf74c460ce9ee8a64aa4"},
    {file = "pendulum-3.2.0-cp313-cp313-win_arm64.whl", hash = "sha256:c8dde63e2796b62070a49ce813ce200aba9186130307f04ec78affcf6c2e8122"},
    {file = "pendulum-3.2.0-cp314-cp314-macosx_10_12_x86_64.whl", hash = "sha256:c17ac069e88c5a1e930a5ae0ef17357a14b9cc5a28abadda74eaa8106d241c8e"},
    {file = "pendulum-3.2.0-cp314-cp314-macosx_11_0_arm64.whl", hash = "sha256:e1fbb540edecb21f8244aebfb05a1f2333ddc6c7819378c099d4a61cc91ae93c"},
    {file = "pendulum-3.2.0-cp314-cp314-manylinux_2_17_aarch64.manylinux2014_aarch64.whl", hash = "sha256:a8c67fb9a1fe8fc1adae2cc01b0c292b268c12475b4609ff4aed71c9dd367b4d"},
    {file = "pendulum-3.2.0-cp314-cp314-manylinux_2_17_ppc64le.manylinux2014_ppc64le.whl", hash = "sha256:baa9a66c980defda6cfe1275103a94b22e90d83ebd7a84cc961cee6cbd25a244"},
    {file = "pendulum-3.2.0-cp314-cp314-manylinux_2_17_s390x.manylinux2014_s390x.whl", hash = "sha256:ef8f783fa7a14973b0596d8af2a5b2d90858a55030e9b4c6885eb4284b88314f"},
    {file = "pendulum-3.2.0-cp314-cp314-manylinux_2_17_x86_64.manylinux2014_x86_64.whl", hash = "sha256:a7d2e9bfb065727d8676e7ada3793b47a24349500a5e9637404355e482c822be"},
    {file = "pendulum-3.2.0-cp314-cp314-musllinux_1_1_aarch64.whl", hash = "sha256:55d7ba6bb74171c3ee409bf30076ee3a259a3c2bb147ac87ebb76aaa3cf5d3a2"},
    {file = "pendulum-3.2.0-cp314-cp314-musllinux_1_1_x86_64.whl", hash = "sha256:a50d8cf42f06d3d8c3f8bb2a7ac47fa93b5145e69de6a7209be6a47afdd9cf76"},
    {file = "pendulum-3.2.0-cp314-cp314-win_amd64.whl", hash = "sha256:e5bbb92b155cd5018b3cf70ee49ed3b9c94398caaaa7ed97fe41e5bb5a968418"},
    {file = "pendulum-3.2.0-cp314-cp314-win_arm64.whl", hash = "sha256:d53134418e04335c3029a32e9341cccc9b085a28744fb5ee4e6a8f5039363b1a"},
    {file = "pendulum-3.2.0-py3-none-any.whl", hash = "sha256:f3a9c18a89b4d9ef39c5fa6a78722aaff8d5be2597c129a3b16b9f40a561acf3"},
    {file = "pendulum-3.2.0.tar.gz", hash = "sha256:e80feda2d10fa3ff8b1526715f7d33dcb7e08494b3088f2c8a3ac92d4a4331ce"},
]

[[package]]
name = "piou"
version = "0.34.0"
requires_python = ">=3.10"
summary = "A CLI toolkit"
groups = ["default"]
dependencies = [
    "rich<15.0,>=10.11.0",
    "typing-extensions>=4.4.0",
]
files = [
    {file = "piou-0.34.0-py3-none-any.whl", hash = "sha256:b0d9c069f7517e9cbc84145c91eb79efb0b7afe2c846ec51653cf5ed654b425c"},
    {file = "piou-0.34.0.tar.gz", hash = "sha256:5a66695a59bbc963d16f249d6db4556bebd53088c6614597d9d0c3c55c0b97e3"},
]

[[package]]
name = "pygments"
version = "2.19.1"
requires_python = ">=3.8"
summary = "Pygments is a syntax highlighting package written in Python."
groups = ["default"]
files = [
    {file = "pygments-2.19.1-py3-none-any.whl", hash = "sha256:9ea1544ad55cecf4b8242fab6dd35a93bbce657034b0611ee383099054ab6d8c"},
    {file = "pygments-2.19.1.tar.gz", hash = "sha256:61c16d2a8576dc0649d9f39e089b5f02bcd27fba10d8fb4dcc28173f7a45151f"},
]

[[package]]
name = "python-dateutil"
version = "2.9.0.post0"
requires_python = "!=3.0.*,!=3.1.*,!=3.2.*,>=2.7"
summary = "Extensions to the standard Python datetime module"
groups = ["default"]
dependencies = [
    "six>=1.5",
]
files = [
    {file = "python-dateutil-2.9.0.post0.tar.gz", hash = "sha256:37dd54208da7e1cd875388217d5e00ebd4179249f90fb72437e91a35459a0ad3"},
    {file = "python_dateutil-2.9.0.post0-py2.py3-none-any.whl", hash = "sha256:a8b2bc7bffae282281c8140a97d3aa9c14da0b136dfe83f850eea9a5f7470427"},
]

[[package]]
name = "python-frontmatter"
version = "1.1.0"
summary = "Parse and manage posts with YAML (or other) frontmatter"
groups = ["default"]
dependencies = [
    "PyYAML",
]
files = [
    {file = "python-frontmatter-1.1.0.tar.gz", hash = "sha256:7118d2bd56af9149625745c58c9b51fb67e8d1294a0c76796dafdc72c36e5f6d"},
    {file = "python_frontmatter-1.1.0-py3-none-any.whl", hash = "sha256:335465556358d9d0e6c98bbeb69b1c969f2a4a21360587b9873bfc3b213407c1"},
]

[[package]]
name = "pyyaml"
version = "6.0.2"
requires_python = ">=3.8"
summary = "YAML parser and emitter for Python"
groups = ["default"]
files = [
    {file = "PyYAML-6.0.2-cp313-cp313-macosx_10_13_x86_64.whl", hash = "sha256:efdca5630322a10774e8e98e1af481aad470dd62c3170801852d752aa7a783ba"},
    {file = "PyYAML-6.0.2-cp313-cp313-macosx_11_0_arm64.whl", hash = "sha256:50187695423ffe49e2deacb8cd10510bc361faac997de9efef88badc3bb9e2d1"},
    {file = "PyYAML-6.0.2-cp313-cp313-manylinux_2_17_aarch64.manylinux2014_aarch64.whl", hash = "sha256:0ffe8360bab4910ef1b9e87fb812d8bc0a308b0d0eef8c8f44e0254ab3b07133"},
    {file = "PyYAML-6.0.2-cp313-cp313-manylinux_2_17_s390x.manylinux2014_s390x.whl", hash = "sha256:17e311b6c678207928d649faa7cb0d7b4c26a0ba73d41e99c4fff6b6c3276484"},
    {file = "PyYAML-6.0.2-cp313-cp313-manylinux_2_17_x86_64.manylinux2014_x86_64.whl", hash = "sha256:70b189594dbe54f75ab3a1acec5f1e3faa7e8cf2f1e08d9b561cb41b845f69d5"},
    {file = "PyYAML-6.0.2-cp313-cp313-musllinux_1_1_aarch64.whl", hash = "sha256:41e4e3953a79407c794916fa277a82531dd93aad34e29c2a514c2c0c5fe971cc"},
    {file = "PyYAML-6.0.2-cp313-cp313-musllinux_1_1_x86_64.whl", hash = "sha256:68ccc6023a3400877818152ad9a1033e3db8625d899c72eacb5a668902e4d652"},
    {file = "PyYAML-6.0.2-cp313-cp313-win32.whl", hash = "sha256:bc2fa7c6b47d6bc618dd7fb02ef6fdedb1090ec036abab80d4681424b84c1183"},
    {file = "PyYAML-6.0.2-cp313-cp313-win_amd64.whl", hash = "sha256:8388ee1976c416731879ac16da0aff3f63b286ffdd57cdeb95f3f2e085687563"},
    {file = "pyyaml-6.0.2.tar.gz", hash = "sha256:d584d9ec91ad65861cc08d42e834324ef890a082e591037abe114850ff7bbc3e"},
]

[[package]]
name = "rich"
version = "14.0.0"
requires_python = ">=3.8.0"
summary = "Render rich text, tables, progress bars, syntax highlighting, markdown and more to the terminal"
groups = ["default"]
dependencies = [
    "markdown-it-py>=2.2.0",
    "pygments<3.0.0,>=2.13.0",
    "typing-extensions<5.0,>=4.0.0; python_version < \"3.11\"",
]
files = [
    {file = "rich-14.0.0-py3-none-any.whl", hash = "sha256:1c9491e1951aac09caffd42f448ee3d04e58923ffe14993f6e83068dc395d7e0"},
    {file = "rich-14.0.0.tar.gz", hash = "sha256:82f1bc23a6a21ebca4ae0c45af9bdbc492ed20231dcb63f297d6d1021a9d5725"},
]

[[package]]
name = "six"
version = "1.17.0"
requires_python = "!=3.0.*,!=3.1.*,!=3.2.*,>=2.7"
summary = "Python 2 and 3 compatibility utilities"
groups = ["default"]
files = [
    {file = "six-1.17.0-py2.py3-none-any.whl", hash = "sha256:4721f391ed90541fddacab5acf947aa0d3dc7d27b2e1e8eda2be8970586c3274"},
    {file = "six-1.17.0.tar.gz", hash = "sha256:ff70335d468e7eb6ec65b95b99d3a2836546063f63acc5171de367e834932a81"},
]

[[package]]
name = "svgwrite"
version = "1.4.3"
requires_python = ">=3.6"
summary = "A Python library to create SVG drawings."
groups = ["default"]
files = [
    {file = "svgwrite-1.4.3-py3-none-any.whl", hash = "sha256:bb6b2b5450f1edbfa597d924f9ac2dd099e625562e492021d7dd614f65f8a22d"},
    {file = "svgwrite-1.4.3.zip", hash = "sha256:a8fbdfd4443302a6619a7f76bc937fc683daf2628d9b737c891ec08b8ce524c3"},
]

[[package]]
name = "typing-extensions"
version = "4.13.2"
requires_python = ">=3.8"
summary = "Backported and Experimental Type Hints for Python 3.8+"
groups = ["default"]
files = [
    {file = "typing_extensions-4.13.2-py3-none-any.whl", hash = "sha256:a439e7c04b49fec3e5d3e2beaa21755cadbbdc391694e28ccdd36ca4a1408f8c"},
    {file = "typing_extensions-4.13.2.tar.gz", hash = "sha256:e6c81219bd689f51865d9e372991c540bda33a0379d5573cddb9a3a23f7caaef"},
]

[[package]]
name = "tzdata"
version = "2025.2"
requires_python = ">=2"
summary = "Provider of IANA time zone data"
groups = ["default"]
files = [
    {file = "tzdata-2025.2-py2.py3-none-any.whl", hash = "sha256:1a403fada01ff9221ca8044d701868fa132215d84beb92242d9acd2147f667a8"},
    {file = "tzdata-2025.2.tar.gz", hash = "sha256:b60a638fcc0daffadf82fe0f57e53d06bdec2f36c4df66280ae79bce6bd6f2b9"},
]

[[package]]
name = "wavedrom"
version = "2.0.3.post3"
summary = "WaveDrom compatible python command line"
groups = ["default"]
dependencies = [
    "pyyaml",
    "six",
    "svgwrite",
]
files = [
    {file = "wavedrom-2.0.3.post3.tar.gz", hash = "sha256:327b4d5dca593c81257c202fea516f7a908747fb11527c359f034f5b7af7f47b"},
]
